{
  "nodes": {
    "catppuccin": {
      "inputs": {
        "nixpkgs": "nixpkgs"
      },
      "locked": {
        "lastModified": 1774799062,
        "narHash": "sha256-U9RGxFsLeKivD1+7sVXj5TltHGfB4m/dkn3dENT2fSM=",
        "owner": "catppuccin",
        "repo": "nix",
        "rev": "948a8ee84858d053b83f01c8c168f9f4347937e6",
        "type": "github"
      },
      "original": {
        "owner": "catppuccin",
        "repo": "nix",
        "type": "github"
      }
    },
    "flake-parts": {
      "inputs": {
        "nixpkgs-lib": [
          "nixvim",
          "nixpkgs"
        ]
      },
      "locked": {
        "lastModified": 1769996383,
        "narHash": "sha256-AnYjnFWgS49RlqX7LrC4uA+sCCDBj0Ry/WOJ5XWAsa0=",
        "owner": "hercules-ci",
        "repo": "flake-parts",
        "rev": "57928607ea566b5db3ad13af0e57e921e6b12381",
        "type": "github"
      },
      "original": {
        "owner": "hercules-ci",
        "repo": "flake-parts",
        "type": "github"
      }
    },
    "flake-utils": {
      "inputs": {
        "systems": "systems_2"
      },
      "locked": {
        "lastModified": 1731533236,
        "narHash": "sha256-l0KFg5HjrsfsO/JpG+r7fRrqm12kzFHyUHqHCVpMMbI=",
        "owner": "numtide",
        "repo": "flake-utils",
        "rev": "11707dc2f618dd54ca8739b309ec4fc024de578b",
        "type": "github"
      },
      "original": {
        "owner": "numtide",
        "repo": "flake-utils",
        "type": "github"
      }
    },
    "home-manager": {
      "inputs": {
        "nixpkgs": [
          "nixpkgs"
        ]
      },
      "locked": {
        "lastModified": 1774991950,
        "narHash": "sha256-kScKj3qJDIWuN9/6PMmgy5esrTUkYinrO5VvILik/zw=",
        "owner": "nix-community",
        "repo": "home-manager",
        "rev": "f2d3e04e278422c7379e067e323734f3e8c585a7",
        "type": "github"
      },
      "original": {
        "owner": "nix-community",
        "repo": "home-manager",
        "type": "github"
      }
    },
    "nix-systems": {
      "locked": {
        "lastModified": 1681028828,
        "narHash": "sha256-Vy1rq5AaRuLzOxct8nz4T6wlgyUR7zLU309k9mBC768=",
        "owner": "nix-systems",
        "repo": "default",
        "rev": "da67096a3b9bf56a91d16901293e51ba5b49a27e",
        "type": "github"
      },
      "original": {
        "owner": "nix-systems",
        "repo": "default",
        "type": "github"
      }
    },
    "nixos-hardware": {
      "locked": {
        "lastModified": 1774933469,
        "narHash": "sha256-OrnCQeUO2bqaWUl0lkDWyGWjKsOhtCyd7JSfTedQNUE=",
        "owner": "NixOS",
        "repo": "nixos-hardware",
        "rev": "f4c4c2c0c923d7811ac2a63ccc154767e4195337",
        "type": "github"
      },
      "original": {
        "owner": "NixOS",
        "repo": "nixos-hardware",
        "type": "github"
      }
    },
    "nixpkgs": {
      "locked": {
        "lastModified": 1773821835,
        "narHash": "sha256-TJ3lSQtW0E2JrznGVm8hOQGVpXjJyXY2guAxku2O9A4=",
        "owner": "NixOS",
        "repo": "nixpkgs",
        "rev": "b40629efe5d6ec48dd1efba650c797ddbd39ace0",
        "type": "github"
      },
      "original": {
        "owner": "NixOS",
        "ref": "nixos-unstable",
        "repo": "nixpkgs",
        "type": "github"
      }
    },
    "nixpkgs-stable": {
      "locked": {
        "lastModified": 1774799055,
        "narHash": "sha256-Tsq9BCz0q47ej1uFF39m4tuhcwru/ls6vCCJzutEpaw=",
        "owner": "NixOS",
        "repo": "nixpkgs",
        "rev": "107cba9eb4a8d8c9f8e9e61266d78d340867913a",
        "type": "github"
      },
      "original": {
        "id": "nixpkgs",
        "ref": "nixos-25.11",
        "type": "indirect"
      }
    },
    "nixpkgs_2": {
      "locked": {
        "lastModified": 1774709303,
        "narHash": "sha256-D3Q07BbIA2KnTcSXIqqu9P586uWxN74zNoCH3h2ESHg=",
        "owner": "NixOS",
        "repo": "nixpkgs",
        "rev": "8110df5ad7abf5d4c0f6fb0f8f978390e77f9685",
        "type": "github"
      },
      "original": {
        "id": "nixpkgs",
        "ref": "nixos-unstable",
        "type": "indirect"
      }
    },
    "nixvim": {
      "inputs": {
        "flake-parts": "flake-parts",
        "nixpkgs": [
          "nixpkgs"
        ],
        "systems": "systems"
      },
      "locked": {
        "lastModified": 1774802402,
        "narHash": "sha256-L1UJ/zxKTyyaGGmytH6OYlgQ0HGSMhvPkvU+iz4Mkb8=",
        "owner": "nix-community",
        "repo": "nixvim",
        "rev": "cbd8536a05d1aae2593cb5c9ace1010c8c5845cb",
        "type": "github"
      },
      "original": {
        "owner": "nix-community",
        "repo": "nixvim",
        "type": "github"
      }
    },
    "root": {
      "inputs": {
        "catppuccin": "catppuccin",
        "home-manager": "home-manager",
        "nixos-hardware": "nixos-hardware",
        "nixpkgs": "nixpkgs_2",
        "nixpkgs-stable": "nixpkgs-stable",
        "nixvim": "nixvim",
        "terminder": "terminder",
        "tetrigo": "tetrigo"
      }
    },
    "systems": {
      "locked": {
        "lastModified": 1681028828,
        "narHash": "sha256-Vy1rq5AaRuLzOxct8nz4T6wlgyUR7zLU309k9mBC768=",
        "owner": "nix-systems",
        "repo": "default",
        "rev": "da67096a3b9bf56a91d16901293e51ba5b49a27e",
        "type": "github"
      },
      "original": {
        "owner": "nix-systems",
        "repo": "default",
        "type": "github"
      }
    },
    "systems_2": {
      "locked": {
        "lastModified": 1681028828,
        "narHash": "sha256-Vy1rq5AaRuLzOxct8nz4T6wlgyUR7zLU309k9mBC768=",
        "owner": "nix-systems",
        "repo": "default",
        "rev": "da67096a3b9bf56a91d16901293e51ba5b49a27e",
        "type": "github"
      },
      "original": {
        "owner": "nix-systems",
        "repo": "default",
        "type": "github"
      }
    },
    "terminder": {
      "inputs": {
        "flake-utils": "flake-utils",
        "nixpkgs": [
          "nixpkgs"
        ]
      },
      "locked": {
        "lastModified": 1774303744,
        "narHash": "sha256-EldmhoMf4bSDX0MaCLDnk+9R11k9xbNI2zrApfR3YHw=",
        "owner": "thejolman",
        "repo": "terminder",
        "rev": "3f8dfcebfcc6163fe1890ce7009a0625838096e6",
        "type": "github"
      },
      "original": {
        "owner": "thejolman",
        "repo": "terminder",
        "type": "github"
      }
    },
    "tetrigo": {
      "inputs": {
        "nixpkgs": [
          "nixpkgs"
        ],
        "utils": "utils"
      },
      "locked": {
        "lastModified": 1774167035,
        "narHash": "sha256-5/eDJ/OlN6O0pSnqMMyy2oVdBu1wXfdUza37ov4XRjY=",
        "owner": "Broderick-Westrope",
        "repo": "tetrigo",
        "rev": "3c6a1855a274cd97669e4e886a3904b0189bcf88",
        "type": "github"
      },
      "original": {
        "owner": "Broderick-Westrope",
        "repo": "tetrigo",
        "type": "github"
      }
    },
    "utils": {
      "inputs": {
        "nix-systems": "nix-systems",
        "nixpkgs": [
          "tetrigo",
          "nixpkgs"
        ]
      },
      "locked": {
        "lastModified": 1745390014,
        "narHash": "sha256-fRr/v396NBj140H80PdZGdObGP7SLcDw5OKY1BgLSW0=",
        "owner": "NewDawn0",
        "repo": "nixUtils",
        "rev": "a8d08dbc5f64aaecd937e7f434330618f663c779",
        "type": "github"
      },
      "original": {
        "owner": "NewDawn0",
        "repo": "nixUtils",
        "type": "github"
      }
    }
  },
  "root": "root",
  "version": 7
}
